
Microsoft Visual Studio Solution File, Format Version 12.00
# Visual Studio Version 16
VisualStudioVersion = 16.0.31005.135
MinimumVisualStudioVersion = 10.0.40219.1
Project("{FAE04EC0-301F-11D3-BF4B-00C04F79EFBC}") = "Cellphone", "Cellphone\Cellphone.csproj", "{49566983-A379-4EF7-89AD-E3A3FA44CCAE}"
EndProject
Global
	GlobalSection(SolutionConfigurationPlatforms) = preSolution
		Debug|Any CPU = Debug|Any CPU
		Release|Any CPU = Release|Any CPU
	EndGlobalSection
	GlobalSection(ProjectConfigurationPlatforms) = postSolution
		{49566983-A379-4EF7-89AD-E3A3FA44CCAE}.Debug|Any CPU.ActiveCfg = Debug|Any CPU
		{49566983-A379-4EF7-89AD-E3A3FA44CCAE}.Debug|Any CPU.Build.0 = Debug|Any CPU
		{49566983-A379-4EF7-89AD-E3A3FA44CCAE}.Release|Any CPU.ActiveCfg = Release|Any CPU
		{49566983-A379-4EF7-89AD-E3A3FA44CCAE}.Release|Any CPU.Build.0 = Release|Any CPU
	EndGlobalSection
	GlobalSection(SolutionProperties) = preSolution
		HideSolutionNode = FALSE
	EndGlobalSection
	GlobalSection(ExtensibilityGlobals) = postSolution
		SolutionGuid = {7F515406-D147-49A4-B652-AD87A6C0DBE6}
	EndGlobalSection
EndGlobal
